
Microsoft Visual Studio Solution File, Format Version 12.00
# Visual Studio Version 17
VisualStudioVersion = 17.14.36518.9
MinimumVisualStudioVersion = 10.0.40219.1
Project("{FAE04EC0-301F-11D3-BF4B-00C04F79EFBC}") = "Plugin.Maui.OCR.Sample", "Plugin.Maui.OCR.Sample\Plugin.Maui.OCR.Sample.csproj", "{A6DD1325-F326-92EC-98C3-853AA0E70B00}"
EndProject
Project("{FAE04EC0-301F-11D3-BF4B-00C04F79EFBC}") = "Plugin.Maui.OCR", "..\src\Plugin.Maui.OCR\Plugin.Maui.OCR.csproj", "{3A543DB9-D1BC-24C9-3AB7-36629A9179CB}"
EndProject
Global
	GlobalSection(SolutionConfigurationPlatforms) = preSolution
		Debug|Any CPU = Debug|Any CPU
		Release|Any CPU = Release|Any CPU
	EndGlobalSection
	GlobalSection(ProjectConfigurationPlatforms) = postSolution
		{A6DD1325-F326-92EC-98C3-853AA0E70B00}.Debug|Any CPU.ActiveCfg = Debug|Any CPU
		{A6DD1325-F326-92EC-98C3-853AA0E70B00}.Debug|Any CPU.Build.0 = Debug|Any CPU
		{A6DD1325-F326-92EC-98C3-853AA0E70B00}.Debug|Any CPU.Deploy.0 = Debug|Any CPU
		{A6DD1325-F326-92EC-98C3-853AA0E70B00}.Release|Any CPU.ActiveCfg = Release|Any CPU
		{A6DD1325-F326-92EC-98C3-853AA0E70B00}.Release|Any CPU.Build.0 = Release|Any CPU
		{A6DD1325-F326-92EC-98C3-853AA0E70B00}.Release|Any CPU.Deploy.0 = Release|Any CPU
		{3A543DB9-D1BC-24C9-3AB7-36629A9179CB}.Debug|Any CPU.ActiveCfg = Debug|Any CPU
		{3A543DB9-D1BC-24C9-3AB7-36629A9179CB}.Debug|Any CPU.Build.0 = Debug|Any CPU
		{3A543DB9-D1BC-24C9-3AB7-36629A9179CB}.Release|Any CPU.ActiveCfg = Release|Any CPU
		{3A543DB9-D1BC-24C9-3AB7-36629A9179CB}.Release|Any CPU.Build.0 = Release|Any CPU
	EndGlobalSection
	GlobalSection(SolutionProperties) = preSolution
		HideSolutionNode = FALSE
	EndGlobalSection
	GlobalSection(ExtensibilityGlobals) = postSolution
		SolutionGuid = {A951BCE6-40E7-480B-8823-BCCA8A9ADF4F}
	EndGlobalSection
EndGlobal
