
Microsoft Visual Studio Solution File, Format Version 12.00
# Visual Studio Version 17
VisualStudioVersion = 17.9.34714.143
MinimumVisualStudioVersion = 10.0.40219.1
Project("{FAE04EC0-301F-11D3-BF4B-00C04F79EFBC}") = "Plugin.Xamarin.OCR.Sample.UWP", "Plugin.Xamarin.OCR.Sample\Plugin.Xamarin.OCR.Sample.UWP\Plugin.Xamarin.OCR.Sample.UWP.csproj", "{2307E6FD-931E-4DAD-9B17-ACA817B4CCD3}"
EndProject
Project("{FAE04EC0-301F-11D3-BF4B-00C04F79EFBC}") = "Plugin.Xamarin.OCR.Sample.Android", "Plugin.Xamarin.OCR.Sample\Plugin.Xamarin.OCR.Sample.Android\Plugin.Xamarin.OCR.Sample.Android.csproj", "{E55043A2-C982-46A3-B8CA-D246D273FB0D}"
EndProject
Project("{FAE04EC0-301F-11D3-BF4B-00C04F79EFBC}") = "Plugin.Xamarin.OCR.Sample.iOS", "Plugin.Xamarin.OCR.Sample\Plugin.Xamarin.OCR.Sample.iOS\Plugin.Xamarin.OCR.Sample.iOS.csproj", "{A84147CA-4FF7-4A28-8853-BB27F336E905}"
EndProject
Project("{9A19103F-16F7-4668-BE54-9A1E7A4F7556}") = "Plugin.Xamarin.OCR.Sample", "Plugin.Xamarin.OCR.Sample\Plugin.Xamarin.OCR.Sample\Plugin.Xamarin.OCR.Sample.csproj", "{276658CE-B4B9-45C8-84CA-5935ED1889ED}"
EndProject
Project("{2150E333-8FDC-42A3-9474-1A3956D46DE8}") = "lib", "lib", "{D67C2A02-A3F2-403D-9839-BA0B2D948778}"
EndProject
Project("{2150E333-8FDC-42A3-9474-1A3956D46DE8}") = "sample", "sample", "{601F61DD-ACC1-4A8E-A06D-59EA2345A05A}"
EndProject
Project("{2150E333-8FDC-42A3-9474-1A3956D46DE8}") = "Solution Items", "Solution Items", "{FD1651A6-E0DD-429D-AB9B-338B736D736D}"
	ProjectSection(SolutionItems) = preProject
		..\.editorconfig = ..\.editorconfig
		..\.gitattributes = ..\.gitattributes
		..\.gitignore = ..\.gitignore
		..\.github\workflows\ci-sample.yml = ..\.github\workflows\ci-sample.yml
		..\.github\workflows\ci.yml = ..\.github\workflows\ci.yml
		..\Directory.build.props = ..\Directory.build.props
		..\Directory.build.targets = ..\Directory.build.targets
		..\LICENSE = ..\LICENSE
		..\nuget.png = ..\nuget.png
		..\README.md = ..\README.md
		..\.github\workflows\release-nuget.yml = ..\.github\workflows\release-nuget.yml
	EndProjectSection
EndProject
Project("{9A19103F-16F7-4668-BE54-9A1E7A4F7556}") = "Plugin.Xamarin.OCR", "..\src\Plugin.Xamarin.OCR\Plugin.Xamarin.OCR.csproj", "{32C52C31-E3C1-41A5-94A4-9CF1B532B2BD}"
EndProject
Global
	GlobalSection(SolutionConfigurationPlatforms) = preSolution
		Debug|Any CPU = Debug|Any CPU
		Debug|ARM = Debug|ARM
		Debug|iPhone = Debug|iPhone
		Debug|iPhoneSimulator = Debug|iPhoneSimulator
		Debug|x64 = Debug|x64
		Debug|x86 = Debug|x86
		Release|Any CPU = Release|Any CPU
		Release|ARM = Release|ARM
		Release|iPhone = Release|iPhone
		Release|iPhoneSimulator = Release|iPhoneSimulator
		Release|x64 = Release|x64
		Release|x86 = Release|x86
	EndGlobalSection
	GlobalSection(ProjectConfigurationPlatforms) = postSolution
		{2307E6FD-931E-4DAD-9B17-ACA817B4CCD3}.Debug|Any CPU.ActiveCfg = Debug|x64
		{2307E6FD-931E-4DAD-9B17-ACA817B4CCD3}.Debug|Any CPU.Build.0 = Debug|x64
		{2307E6FD-931E-4DAD-9B17-ACA817B4CCD3}.Debug|Any CPU.Deploy.0 = Debug|x64
		{2307E6FD-931E-4DAD-9B17-ACA817B4CCD3}.Debug|ARM.ActiveCfg = Debug|ARM
		{2307E6FD-931E-4DAD-9B17-ACA817B4CCD3}.Debug|ARM.Build.0 = Debug|ARM
		{2307E6FD-931E-4DAD-9B17-ACA817B4CCD3}.Debug|ARM.Deploy.0 = Debug|ARM
		{2307E6FD-931E-4DAD-9B17-ACA817B4CCD3}.Debug|iPhone.ActiveCfg = Debug|x64
		{2307E6FD-931E-4DAD-9B17-ACA817B4CCD3}.Debug|iPhone.Build.0 = Debug|x64
		{2307E6FD-931E-4DAD-9B17-ACA817B4CCD3}.Debug|iPhone.Deploy.0 = Debug|x64
		{2307E6FD-931E-4DAD-9B17-ACA817B4CCD3}.Debug|iPhoneSimulator.ActiveCfg = Debug|x64
		{2307E6FD-931E-4DAD-9B17-ACA817B4CCD3}.Debug|iPhoneSimulator.Build.0 = Debug|x64
		{2307E6FD-931E-4DAD-9B17-ACA817B4CCD3}.Debug|iPhoneSimulator.Deploy.0 = Debug|x64
		{2307E6FD-931E-4DAD-9B17-ACA817B4CCD3}.Debug|x64.ActiveCfg = Debug|x64
		{2307E6FD-931E-4DAD-9B17-ACA817B4CCD3}.Debug|x64.Build.0 = Debug|x64
		{2307E6FD-931E-4DAD-9B17-ACA817B4CCD3}.Debug|x64.Deploy.0 = Debug|x64
		{2307E6FD-931E-4DAD-9B17-ACA817B4CCD3}.Debug|x86.ActiveCfg = Debug|x86
		{2307E6FD-931E-4DAD-9B17-ACA817B4CCD3}.Debug|x86.Build.0 = Debug|x86
		{2307E6FD-931E-4DAD-9B17-ACA817B4CCD3}.Debug|x86.Deploy.0 = Debug|x86
		{2307E6FD-931E-4DAD-9B17-ACA817B4CCD3}.Release|Any CPU.ActiveCfg = Release|x64
		{2307E6FD-931E-4DAD-9B17-ACA817B4CCD3}.Release|Any CPU.Build.0 = Release|x64
		{2307E6FD-931E-4DAD-9B17-ACA817B4CCD3}.Release|Any CPU.Deploy.0 = Release|x64
		{2307E6FD-931E-4DAD-9B17-ACA817B4CCD3}.Release|ARM.ActiveCfg = Release|ARM
		{2307E6FD-931E-4DAD-9B17-ACA817B4CCD3}.Release|ARM.Build.0 = Release|ARM
		{2307E6FD-931E-4DAD-9B17-ACA817B4CCD3}.Release|ARM.Deploy.0 = Release|ARM
		{2307E6FD-931E-4DAD-9B17-ACA817B4CCD3}.Release|iPhone.ActiveCfg = Release|x64
		{2307E6FD-931E-4DAD-9B17-ACA817B4CCD3}.Release|iPhone.Build.0 = Release|x64
		{2307E6FD-931E-4DAD-9B17-ACA817B4CCD3}.Release|iPhone.Deploy.0 = Release|x64
		{2307E6FD-931E-4DAD-9B17-ACA817B4CCD3}.Release|iPhoneSimulator.ActiveCfg = Release|x64
		{2307E6FD-931E-4DAD-9B17-ACA817B4CCD3}.Release|iPhoneSimulator.Build.0 = Release|x64
		{2307E6FD-931E-4DAD-9B17-ACA817B4CCD3}.Release|iPhoneSimulator.Deploy.0 = Release|x64
		{2307E6FD-931E-4DAD-9B17-ACA817B4CCD3}.Release|x64.ActiveCfg = Release|x64
		{2307E6FD-931E-4DAD-9B17-ACA817B4CCD3}.Release|x64.Build.0 = Release|x64
		{2307E6FD-931E-4DAD-9B17-ACA817B4CCD3}.Release|x64.Deploy.0 = Release|x64
		{2307E6FD-931E-4DAD-9B17-ACA817B4CCD3}.Release|x86.ActiveCfg = Release|x86
		{2307E6FD-931E-4DAD-9B17-ACA817B4CCD3}.Release|x86.Build.0 = Release|x86
		{2307E6FD-931E-4DAD-9B17-ACA817B4CCD3}.Release|x86.Deploy.0 = Release|x86
		{E55043A2-C982-46A3-B8CA-D246D273FB0D}.Debug|Any CPU.ActiveCfg = Debug|Any CPU
		{E55043A2-C982-46A3-B8CA-D246D273FB0D}.Debug|Any CPU.Build.0 = Debug|Any CPU
		{E55043A2-C982-46A3-B8CA-D246D273FB0D}.Debug|Any CPU.Deploy.0 = Debug|Any CPU
		{E55043A2-C982-46A3-B8CA-D246D273FB0D}.Debug|ARM.ActiveCfg = Debug|Any CPU
		{E55043A2-C982-46A3-B8CA-D246D273FB0D}.Debug|ARM.Build.0 = Debug|Any CPU
		{E55043A2-C982-46A3-B8CA-D246D273FB0D}.Debug|ARM.Deploy.0 = Debug|Any CPU
		{E55043A2-C982-46A3-B8CA-D246D273FB0D}.Debug|iPhone.ActiveCfg = Debug|Any CPU
		{E55043A2-C982-46A3-B8CA-D246D273FB0D}.Debug|iPhone.Build.0 = Debug|Any CPU
		{E55043A2-C982-46A3-B8CA-D246D273FB0D}.Debug|iPhone.Deploy.0 = Debug|Any CPU
		{E55043A2-C982-46A3-B8CA-D246D273FB0D}.Debug|iPhoneSimulator.ActiveCfg = Debug|Any CPU
		{E55043A2-C982-46A3-B8CA-D246D273FB0D}.Debug|iPhoneSimulator.Build.0 = Debug|Any CPU
		{E55043A2-C982-46A3-B8CA-D246D273FB0D}.Debug|iPhoneSimulator.Deploy.0 = Debug|Any CPU
		{E55043A2-C982-46A3-B8CA-D246D273FB0D}.Debug|x64.ActiveCfg = Debug|Any CPU
		{E55043A2-C982-46A3-B8CA-D246D273FB0D}.Debug|x64.Build.0 = Debug|Any CPU
		{E55043A2-C982-46A3-B8CA-D246D273FB0D}.Debug|x64.Deploy.0 = Debug|Any CPU
		{E55043A2-C982-46A3-B8CA-D246D273FB0D}.Debug|x86.ActiveCfg = Debug|Any CPU
		{E55043A2-C982-46A3-B8CA-D246D273FB0D}.Debug|x86.Build.0 = Debug|Any CPU
		{E55043A2-C982-46A3-B8CA-D246D273FB0D}.Debug|x86.Deploy.0 = Debug|Any CPU
		{E55043A2-C982-46A3-B8CA-D246D273FB0D}.Release|Any CPU.ActiveCfg = Release|Any CPU
		{E55043A2-C982-46A3-B8CA-D246D273FB0D}.Release|Any CPU.Build.0 = Release|Any CPU
		{E55043A2-C982-46A3-B8CA-D246D273FB0D}.Release|Any CPU.Deploy.0 = Release|Any CPU
		{E55043A2-C982-46A3-B8CA-D246D273FB0D}.Release|ARM.ActiveCfg = Release|Any CPU
		{E55043A2-C982-46A3-B8CA-D246D273FB0D}.Release|ARM.Build.0 = Release|Any CPU
		{E55043A2-C982-46A3-B8CA-D246D273FB0D}.Release|ARM.Deploy.0 = Release|Any CPU
		{E55043A2-C982-46A3-B8CA-D246D273FB0D}.Release|iPhone.ActiveCfg = Release|Any CPU
		{E55043A2-C982-46A3-B8CA-D246D273FB0D}.Release|iPhone.Build.0 = Release|Any CPU
		{E55043A2-C982-46A3-B8CA-D246D273FB0D}.Release|iPhone.Deploy.0 = Release|Any CPU
		{E55043A2-C982-46A3-B8CA-D246D273FB0D}.Release|iPhoneSimulator.ActiveCfg = Release|Any CPU
		{E55043A2-C982-46A3-B8CA-D246D273FB0D}.Release|iPhoneSimulator.Build.0 = Release|Any CPU
		{E55043A2-C982-46A3-B8CA-D246D273FB0D}.Release|iPhoneSimulator.Deploy.0 = Release|Any CPU
		{E55043A2-C982-46A3-B8CA-D246D273FB0D}.Release|x64.ActiveCfg = Release|Any CPU
		{E55043A2-C982-46A3-B8CA-D246D273FB0D}.Release|x64.Build.0 = Release|Any CPU
		{E55043A2-C982-46A3-B8CA-D246D273FB0D}.Release|x64.Deploy.0 = Release|Any CPU
		{E55043A2-C982-46A3-B8CA-D246D273FB0D}.Release|x86.ActiveCfg = Release|Any CPU
		{E55043A2-C982-46A3-B8CA-D246D273FB0D}.Release|x86.Build.0 = Release|Any CPU
		{E55043A2-C982-46A3-B8CA-D246D273FB0D}.Release|x86.Deploy.0 = Release|Any CPU
		{A84147CA-4FF7-4A28-8853-BB27F336E905}.Debug|Any CPU.ActiveCfg = Debug|iPhoneSimulator
		{A84147CA-4FF7-4A28-8853-BB27F336E905}.Debug|Any CPU.Build.0 = Debug|iPhoneSimulator
		{A84147CA-4FF7-4A28-8853-BB27F336E905}.Debug|ARM.ActiveCfg = Debug|iPhoneSimulator
		{A84147CA-4FF7-4A28-8853-BB27F336E905}.Debug|ARM.Build.0 = Debug|iPhoneSimulator
		{A84147CA-4FF7-4A28-8853-BB27F336E905}.Debug|iPhone.ActiveCfg = Debug|iPhone
		{A84147CA-4FF7-4A28-8853-BB27F336E905}.Debug|iPhone.Build.0 = Debug|iPhone
		{A84147CA-4FF7-4A28-8853-BB27F336E905}.Debug|iPhone.Deploy.0 = Debug|iPhone
		{A84147CA-4FF7-4A28-8853-BB27F336E905}.Debug|iPhoneSimulator.ActiveCfg = Debug|iPhoneSimulator
		{A84147CA-4FF7-4A28-8853-BB27F336E905}.Debug|iPhoneSimulator.Build.0 = Debug|iPhoneSimulator
		{A84147CA-4FF7-4A28-8853-BB27F336E905}.Debug|x64.ActiveCfg = Debug|iPhoneSimulator
		{A84147CA-4FF7-4A28-8853-BB27F336E905}.Debug|x64.Build.0 = Debug|iPhoneSimulator
		{A84147CA-4FF7-4A28-8853-BB27F336E905}.Debug|x86.ActiveCfg = Debug|iPhoneSimulator
		{A84147CA-4FF7-4A28-8853-BB27F336E905}.Debug|x86.Build.0 = Debug|iPhoneSimulator
		{A84147CA-4FF7-4A28-8853-BB27F336E905}.Release|Any CPU.ActiveCfg = Release|iPhoneSimulator
		{A84147CA-4FF7-4A28-8853-BB27F336E905}.Release|Any CPU.Build.0 = Release|iPhoneSimulator
		{A84147CA-4FF7-4A28-8853-BB27F336E905}.Release|ARM.ActiveCfg = Release|iPhoneSimulator
		{A84147CA-4FF7-4A28-8853-BB27F336E905}.Release|ARM.Build.0 = Release|iPhoneSimulator
		{A84147CA-4FF7-4A28-8853-BB27F336E905}.Release|iPhone.ActiveCfg = Release|iPhone
		{A84147CA-4FF7-4A28-8853-BB27F336E905}.Release|iPhone.Build.0 = Release|iPhone
		{A84147CA-4FF7-4A28-8853-BB27F336E905}.Release|iPhoneSimulator.ActiveCfg = Release|iPhoneSimulator
		{A84147CA-4FF7-4A28-8853-BB27F336E905}.Release|iPhoneSimulator.Build.0 = Release|iPhoneSimulator
		{A84147CA-4FF7-4A28-8853-BB27F336E905}.Release|x64.ActiveCfg = Release|iPhoneSimulator
		{A84147CA-4FF7-4A28-8853-BB27F336E905}.Release|x64.Build.0 = Release|iPhoneSimulator
		{A84147CA-4FF7-4A28-8853-BB27F336E905}.Release|x86.ActiveCfg = Release|iPhoneSimulator
		{A84147CA-4FF7-4A28-8853-BB27F336E905}.Release|x86.Build.0 = Release|iPhoneSimulator
		{276658CE-B4B9-45C8-84CA-5935ED1889ED}.Debug|Any CPU.ActiveCfg = Debug|Any CPU
		{276658CE-B4B9-45C8-84CA-5935ED1889ED}.Debug|Any CPU.Build.0 = Debug|Any CPU
		{276658CE-B4B9-45C8-84CA-5935ED1889ED}.Debug|ARM.ActiveCfg = Debug|Any CPU
		{276658CE-B4B9-45C8-84CA-5935ED1889ED}.Debug|ARM.Build.0 = Debug|Any CPU
		{276658CE-B4B9-45C8-84CA-5935ED1889ED}.Debug|iPhone.ActiveCfg = Debug|Any CPU
		{276658CE-B4B9-45C8-84CA-5935ED1889ED}.Debug|iPhone.Build.0 = Debug|Any CPU
		{276658CE-B4B9-45C8-84CA-5935ED1889ED}.Debug|iPhoneSimulator.ActiveCfg = Debug|Any CPU
		{276658CE-B4B9-45C8-84CA-5935ED1889ED}.Debug|iPhoneSimulator.Build.0 = Debug|Any CPU
		{276658CE-B4B9-45C8-84CA-5935ED1889ED}.Debug|x64.ActiveCfg = Debug|Any CPU
		{276658CE-B4B9-45C8-84CA-5935ED1889ED}.Debug|x64.Build.0 = Debug|Any CPU
		{276658CE-B4B9-45C8-84CA-5935ED1889ED}.Debug|x86.ActiveCfg = Debug|Any CPU
		{276658CE-B4B9-45C8-84CA-5935ED1889ED}.Debug|x86.Build.0 = Debug|Any CPU
		{276658CE-B4B9-45C8-84CA-5935ED1889ED}.Release|Any CPU.ActiveCfg = Release|Any CPU
		{276658CE-B4B9-45C8-84CA-5935ED1889ED}.Release|Any CPU.Build.0 = Release|Any CPU
		{276658CE-B4B9-45C8-84CA-5935ED1889ED}.Release|ARM.ActiveCfg = Release|Any CPU
		{276658CE-B4B9-45C8-84CA-5935ED1889ED}.Release|ARM.Build.0 = Release|Any CPU
		{276658CE-B4B9-45C8-84CA-5935ED1889ED}.Release|iPhone.ActiveCfg = Release|Any CPU
		{276658CE-B4B9-45C8-84CA-5935ED1889ED}.Release|iPhone.Build.0 = Release|Any CPU
		{276658CE-B4B9-45C8-84CA-5935ED1889ED}.Release|iPhoneSimulator.ActiveCfg = Release|Any CPU
		{276658CE-B4B9-45C8-84CA-5935ED1889ED}.Release|iPhoneSimulator.Build.0 = Release|Any CPU
		{276658CE-B4B9-45C8-84CA-5935ED1889ED}.Release|x64.ActiveCfg = Release|Any CPU
		{276658CE-B4B9-45C8-84CA-5935ED1889ED}.Release|x64.Build.0 = Release|Any CPU
		{276658CE-B4B9-45C8-84CA-5935ED1889ED}.Release|x86.ActiveCfg = Release|Any CPU
		{276658CE-B4B9-45C8-84CA-5935ED1889ED}.Release|x86.Build.0 = Release|Any CPU
		{32C52C31-E3C1-41A5-94A4-9CF1B532B2BD}.Debug|Any CPU.ActiveCfg = Debug|Any CPU
		{32C52C31-E3C1-41A5-94A4-9CF1B532B2BD}.Debug|Any CPU.Build.0 = Debug|Any CPU
		{32C52C31-E3C1-41A5-94A4-9CF1B532B2BD}.Debug|ARM.ActiveCfg = Debug|Any CPU
		{32C52C31-E3C1-41A5-94A4-9CF1B532B2BD}.Debug|ARM.Build.0 = Debug|Any CPU
		{32C52C31-E3C1-41A5-94A4-9CF1B532B2BD}.Debug|iPhone.ActiveCfg = Debug|Any CPU
		{32C52C31-E3C1-41A5-94A4-9CF1B532B2BD}.Debug|iPhone.Build.0 = Debug|Any CPU
		{32C52C31-E3C1-41A5-94A4-9CF1B532B2BD}.Debug|iPhoneSimulator.ActiveCfg = Debug|Any CPU
		{32C52C31-E3C1-41A5-94A4-9CF1B532B2BD}.Debug|iPhoneSimulator.Build.0 = Debug|Any CPU
		{32C52C31-E3C1-41A5-94A4-9CF1B532B2BD}.Debug|x64.ActiveCfg = Debug|Any CPU
		{32C52C31-E3C1-41A5-94A4-9CF1B532B2BD}.Debug|x64.Build.0 = Debug|Any CPU
		{32C52C31-E3C1-41A5-94A4-9CF1B532B2BD}.Debug|x86.ActiveCfg = Debug|Any CPU
		{32C52C31-E3C1-41A5-94A4-9CF1B532B2BD}.Debug|x86.Build.0 = Debug|Any CPU
		{32C52C31-E3C1-41A5-94A4-9CF1B532B2BD}.Release|Any CPU.ActiveCfg = Release|Any CPU
		{32C52C31-E3C1-41A5-94A4-9CF1B532B2BD}.Release|Any CPU.Build.0 = Release|Any CPU
		{32C52C31-E3C1-41A5-94A4-9CF1B532B2BD}.Release|ARM.ActiveCfg = Release|Any CPU
		{32C52C31-E3C1-41A5-94A4-9CF1B532B2BD}.Release|ARM.Build.0 = Release|Any CPU
		{32C52C31-E3C1-41A5-94A4-9CF1B532B2BD}.Release|iPhone.ActiveCfg = Release|Any CPU
		{32C52C31-E3C1-41A5-94A4-9CF1B532B2BD}.Release|iPhone.Build.0 = Release|Any CPU
		{32C52C31-E3C1-41A5-94A4-9CF1B532B2BD}.Release|iPhoneSimulator.ActiveCfg = Release|Any CPU
		{32C52C31-E3C1-41A5-94A4-9CF1B532B2BD}.Release|iPhoneSimulator.Build.0 = Release|Any CPU
		{32C52C31-E3C1-41A5-94A4-9CF1B532B2BD}.Release|x64.ActiveCfg = Release|Any CPU
		{32C52C31-E3C1-41A5-94A4-9CF1B532B2BD}.Release|x64.Build.0 = Release|Any CPU
		{32C52C31-E3C1-41A5-94A4-9CF1B532B2BD}.Release|x86.ActiveCfg = Release|Any CPU
		{32C52C31-E3C1-41A5-94A4-9CF1B532B2BD}.Release|x86.Build.0 = Release|Any CPU
	EndGlobalSection
	GlobalSection(SolutionProperties) = preSolution
		HideSolutionNode = FALSE
	EndGlobalSection
	GlobalSection(NestedProjects) = preSolution
		{2307E6FD-931E-4DAD-9B17-ACA817B4CCD3} = {601F61DD-ACC1-4A8E-A06D-59EA2345A05A}
		{E55043A2-C982-46A3-B8CA-D246D273FB0D} = {601F61DD-ACC1-4A8E-A06D-59EA2345A05A}
		{A84147CA-4FF7-4A28-8853-BB27F336E905} = {601F61DD-ACC1-4A8E-A06D-59EA2345A05A}
		{276658CE-B4B9-45C8-84CA-5935ED1889ED} = {601F61DD-ACC1-4A8E-A06D-59EA2345A05A}
		{32C52C31-E3C1-41A5-94A4-9CF1B532B2BD} = {D67C2A02-A3F2-403D-9839-BA0B2D948778}
	EndGlobalSection
	GlobalSection(ExtensibilityGlobals) = postSolution
		SolutionGuid = {C89082EF-3F1E-4335-8AD0-9BC738CE97AB}
	EndGlobalSection
EndGlobal
